
Microsoft Visual Studio Solution File, Format Version 12.00
# Visual Studio 15
VisualStudioVersion = 15.0.28307.329
MinimumVisualStudioVersion = 10.0.40219.1
Project("{FAE04EC0-301F-11D3-BF4B-00C04F79EFBC}") = "AIBehaviours", "AIBehaviours\AIBehaviours.csproj", "{BD179484-1369-4437-BD3B-4AECFB627286}"
EndProject
Project("{9A19103F-16F7-4668-BE54-9A1E7A4F7556}") = "AAITests", "AAITests\AAITests.csproj", "{7AC478D3-70EB-4676-ADF3-AE08E6EBB89C}"
EndProject
Project("{FAE04EC0-301F-11D3-BF4B-00C04F79EFBC}") = "AICore", "AICore\AICore.csproj", "{ADE19426-DC0B-4CD8-8F00-2198BD3D568C}"
EndProject
Global
	GlobalSection(SolutionConfigurationPlatforms) = preSolution
		Debug|Any CPU = Debug|Any CPU
		Release|Any CPU = Release|Any CPU
	EndGlobalSection
	GlobalSection(ProjectConfigurationPlatforms) = postSolution
		{BD179484-1369-4437-BD3B-4AECFB627286}.Debug|Any CPU.ActiveCfg = Debug|Any CPU
		{BD179484-1369-4437-BD3B-4AECFB627286}.Debug|Any CPU.Build.0 = Debug|Any CPU
		{BD179484-1369-4437-BD3B-4AECFB627286}.Release|Any CPU.ActiveCfg = Release|Any CPU
		{BD179484-1369-4437-BD3B-4AECFB627286}.Release|Any CPU.Build.0 = Release|Any CPU
		{7AC478D3-70EB-4676-ADF3-AE08E6EBB89C}.Debug|Any CPU.ActiveCfg = Debug|Any CPU
		{7AC478D3-70EB-4676-ADF3-AE08E6EBB89C}.Debug|Any CPU.Build.0 = Debug|Any CPU
		{7AC478D3-70EB-4676-ADF3-AE08E6EBB89C}.Release|Any CPU.ActiveCfg = Release|Any CPU
		{7AC478D3-70EB-4676-ADF3-AE08E6EBB89C}.Release|Any CPU.Build.0 = Release|Any CPU
		{ADE19426-DC0B-4CD8-8F00-2198BD3D568C}.Debug|Any CPU.ActiveCfg = Debug|Any CPU
		{ADE19426-DC0B-4CD8-8F00-2198BD3D568C}.Debug|Any CPU.Build.0 = Debug|Any CPU
		{ADE19426-DC0B-4CD8-8F00-2198BD3D568C}.Release|Any CPU.ActiveCfg = Release|Any CPU
		{ADE19426-DC0B-4CD8-8F00-2198BD3D568C}.Release|Any CPU.Build.0 = Release|Any CPU
	EndGlobalSection
	GlobalSection(SolutionProperties) = preSolution
		HideSolutionNode = FALSE
	EndGlobalSection
	GlobalSection(ExtensibilityGlobals) = postSolution
		SolutionGuid = {07DAAAA5-BC11-456B-B5D3-C0DBA537F80E}
	EndGlobalSection
EndGlobal
